<?xml version="1.0" encoding="utf-8"?>
<Project ToolsVersion="4.0" xmlns="http://schemas.microsoft.com/developer/msbuild/2003">
  <ItemGroup>
    <Filter Include="win32">
      <UniqueIdentifier>{84a8ebd7-7cf0-47f6-b75e-d441df67da40}</UniqueIdentifier>
    </Filter>
    <Filter Include="Classes">
      <UniqueIdentifier>{bb6c862e-70e9-49d9-81b7-3829a6f50471}</UniqueIdentifier>
    </Filter>
    <Filter Include="resource">
      <UniqueIdentifier>{715254bc-d70b-4ec5-bf29-467dd3ace079}</UniqueIdentifier>
    </Filter>
    <Filter Include="Classes\scene">
      <UniqueIdentifier>{7f460e06-d19f-4ce1-a650-8133d7342355}</UniqueIdentifier>
    </Filter>
    <Filter Include="Classes\utils">
      <UniqueIdentifier>{3b946baa-d534-42f6-aa0d-b566ed18fb39}</UniqueIdentifier>
    </Filter>
    <Filter Include="Classes\view">
      <UniqueIdentifier>{60cb7679-a6b8-480f-aa86-7c3309297f8a}</UniqueIdentifier>
    </Filter>
    <Filter Include="Classes\dialog">
      <UniqueIdentifier>{9235adc8-ec72-4af5-ab37-ff12b8611afc}</UniqueIdentifier>
    </Filter>
  </ItemGroup>
  <ItemGroup>
    <ClCompile Include="main.cpp">
      <Filter>win32</Filter>
    </ClCompile>
    <ClCompile Include="..\Classes\AppDelegate.cpp">
      <Filter>Classes</Filter>
    </ClCompile>
    <ClCompile Include="..\Classes\Base.cpp">
      <Filter>Classes</Filter>
    </ClCompile>
    <ClCompile Include="..\Classes\Utils\UtilHelper.cpp">
      <Filter>Classes\utils</Filter>
    </ClCompile>
    <ClCompile Include="..\Classes\scene\SelectCarScene.cpp">
      <Filter>Classes\scene</Filter>
    </ClCompile>
    <ClCompile Include="..\Classes\scene\UpgradeCarScene.cpp">
      <Filter>Classes\scene</Filter>
    </ClCompile>
    <ClCompile Include="..\Classes\scene\GameScene.cpp">
      <Filter>Classes\scene</Filter>
    </ClCompile>
    <ClCompile Include="..\Classes\utils\GLES-Render.cpp">
      <Filter>Classes\utils</Filter>
    </ClCompile>
    <ClCompile Include="..\Classes\utils\GB2ShapeCache-x.cpp">
      <Filter>Classes\utils</Filter>
    </ClCompile>
    <ClCompile Include="..\Classes\dialog\SettingsDialog.cpp">
      <Filter>Classes\dialog</Filter>
    </ClCompile>
    <ClCompile Include="..\Classes\dialog\PauseDialog.cpp">
      <Filter>Classes\dialog</Filter>
    </ClCompile>
    <ClCompile Include="..\Classes\utils\DataMgr.cpp">
      <Filter>Classes\utils</Filter>
    </ClCompile>
    <ClCompile Include="..\Classes\scene\SplashScene.cpp">
      <Filter>Classes\scene</Filter>
    </ClCompile>
    <ClCompile Include="..\Classes\utils\ContactListener.cpp">
      <Filter>Classes\utils</Filter>
    </ClCompile>
    <ClCompile Include="..\Classes\utils\VisibleRect.cpp">
      <Filter>Classes\utils</Filter>
    </ClCompile>
    <ClCompile Include="..\Classes\view\TerrainView.cpp">
      <Filter>Classes\view</Filter>
    </ClCompile>
    <ClCompile Include="..\Classes\scene\SelectMapScene.cpp">
      <Filter>Classes\scene</Filter>
    </ClCompile>
    <ClCompile Include="..\Classes\dialog\ConfirmDialog.cpp">
      <Filter>Classes\dialog</Filter>
    </ClCompile>
    <ClCompile Include="..\Classes\dialog\GameOverDialog.cpp">
      <Filter>Classes\dialog</Filter>
    </ClCompile>
    <ClCompile Include="..\Classes\utils\AudioEnginMgr.cpp">
      <Filter>Classes\utils</Filter>
    </ClCompile>
    <ClCompile Include="..\Classes\utils\HttpClientMgr.cpp">
      <Filter>Classes\utils</Filter>
    </ClCompile>
    <ClCompile Include="..\Classes\dialog\DailyTaskDialog.cpp">
      <Filter>Classes\dialog</Filter>
    </ClCompile>
    <ClCompile Include="..\Classes\dialog\AchievementDialog.cpp">
      <Filter>Classes\dialog</Filter>
    </ClCompile>
  </ItemGroup>
  <ItemGroup>
    <ClInclude Include="main.h">
      <Filter>win32</Filter>
    </ClInclude>
    <ClInclude Include="..\Classes\AppDelegate.h">
      <Filter>Classes</Filter>
    </ClInclude>
    <ClInclude Include="..\Classes\Base.h">
      <Filter>Classes</Filter>
    </ClInclude>
    <ClInclude Include="..\Classes\Utils\UtilHelper.h">
      <Filter>Classes\utils</Filter>
    </ClInclude>
    <ClInclude Include="..\Classes\StringConst.h">
      <Filter>Classes</Filter>
    </ClInclude>
    <ClInclude Include="..\Classes\scene\SelectCarScene.h">
      <Filter>Classes\scene</Filter>
    </ClInclude>
    <ClInclude Include="..\Classes\scene\UpgradeCarScene.h">
      <Filter>Classes\scene</Filter>
    </ClInclude>
    <ClInclude Include="..\Classes\scene\GameScene.h">
      <Filter>Classes\scene</Filter>
    </ClInclude>
    <ClInclude Include="..\Classes\utils\GLES-Render.h">
      <Filter>Classes\utils</Filter>
    </ClInclude>
    <ClInclude Include="..\Classes\utils\GB2ShapeCache-x.h">
      <Filter>Classes\utils</Filter>
    </ClInclude>
    <ClInclude Include="..\Classes\dialog\SettingsDialog.h">
      <Filter>Classes\dialog</Filter>
    </ClInclude>
    <ClInclude Include="..\Classes\dialog\PauseDialog.h">
      <Filter>Classes\dialog</Filter>
    </ClInclude>
    <ClInclude Include="..\Classes\utils\DataMgr.h">
      <Filter>Classes\utils</Filter>
    </ClInclude>
    <ClInclude Include="..\Classes\scene\SplashScene.h">
      <Filter>Classes\scene</Filter>
    </ClInclude>
    <ClInclude Include="..\Classes\utils\ContactListener.h">
      <Filter>Classes\utils</Filter>
    </ClInclude>
    <ClInclude Include="..\Classes\utils\VisibleRect.h">
      <Filter>Classes\utils</Filter>
    </ClInclude>
    <ClInclude Include="..\Classes\view\TerrainView.h">
      <Filter>Classes\view</Filter>
    </ClInclude>
    <ClInclude Include="..\Classes\scene\SelectMapScene.h">
      <Filter>Classes\scene</Filter>
    </ClInclude>
    <ClInclude Include="..\Classes\dialog\ConfirmDialog.h">
      <Filter>Classes\dialog</Filter>
    </ClInclude>
    <ClInclude Include="..\Classes\dialog\GameOverDialog.h">
      <Filter>Classes\dialog</Filter>
    </ClInclude>
    <ClInclude Include="..\Classes\utils\AudioEnginMgr.h">
      <Filter>Classes\utils</Filter>
    </ClInclude>
    <ClInclude Include="..\Classes\utils\HttpClientMgr.h">
      <Filter>Classes\utils</Filter>
    </ClInclude>
    <ClInclude Include="..\Classes\dialog\DailyTaskDialog.h">
      <Filter>Classes\dialog</Filter>
    </ClInclude>
    <ClInclude Include="..\Classes\dialog\AchievementDialog.h">
      <Filter>Classes\dialog</Filter>
    </ClInclude>
  </ItemGroup>
  <ItemGroup>
    <ResourceCompile Include="game.rc">
      <Filter>resource</Filter>
    </ResourceCompile>
  </ItemGroup>
</Project>